{
  "name": "roll-right",
  "version": "0.1.4",
  "lockfileVersion": 3,
  "requires": true,
  "packages": {
    "": {
      "name": "roll-right",
      "version": "0.1.4",
      "license": "GPL-3.0-or-later",
      "dependencies": {
        "byte-base64": "^1.1.0",
        "extra-file-class": "^1.0.1",
        "handlebars": "^4.7.7",
        "minimist": "^1.2.8",
        "untildify": "^4.0.0"
      },
      "bin": {
        "roll-right": "bin/index.js",
        "roll-right-breakup": "bin/breakup.js"
      }
    },
    "node_modules/byte-base64": {
      "version": "1.1.0",
      "resolved": "https://registry.npmjs.org/byte-base64/-/byte-base64-1.1.0.tgz",
      "integrity": "sha512-56cXelkJrVMdCY9V/3RfDxTh4VfMFCQ5km7B7GkIGfo4bcPL9aACyJLB0Ms3Ezu5rsHmLB2suis96z4fLM03DA==",
      "license": "MIT"
    },
    "node_modules/extra-file-class": {
      "version": "1.0.1",
      "resolved": "https://registry.npmjs.org/extra-file-class/-/extra-file-class-1.0.1.tgz",
      "integrity": "sha512-1GBc9Xw4PFImfDaz1qauYPQzwxKOj5BglbaSSJvlNRTsYOeEVZXi93Hu0jp9ThM+9mrsxuk9MOCsgWXkQhjQBQ==",
      "license": "MIT",
      "dependencies": {
        "untildify": "^6.0.0"
      }
    },
    "node_modules/extra-file-class/node_modules/untildify": {
      "version": "6.0.0",
      "resolved": "https://registry.npmjs.org/untildify/-/untildify-6.0.0.tgz",
      "integrity": "sha512-sA2YTBvW2F463GvSbiZtso+dpuQV+B7xX9saX30SGrR5Fyx4AUcvA/zN+ShAkABKUKVyDaHECsJrHv5ToTuHsQ==",
      "license": "MIT",
      "engines": {
        "node": ">=20"
      },
      "funding": {
        "url": "https://github.com/sponsors/sindresorhus"
      }
    },
    "node_modules/handlebars": {
      "version": "4.7.8",
      "resolved": "https://registry.npmjs.org/handlebars/-/handlebars-4.7.8.tgz",
      "integrity": "sha512-vafaFqs8MZkRrSX7sFVUdo3ap/eNiLnb4IakshzvP56X5Nr1iGKAIqdX6tMlm6HcNRIkr6AxO5jFEoJzzpT8aQ==",
      "license": "MIT",
      "dependencies": {
        "minimist": "^1.2.5",
        "neo-async": "^2.6.2",
        "source-map": "^0.6.1",
        "wordwrap": "^1.0.0"
      },
      "bin": {
        "handlebars": "bin/handlebars"
      },
      "engines": {
        "node": ">=0.4.7"
      },
      "optionalDependencies": {
        "uglify-js": "^3.1.4"
      }
    },
    "node_modules/minimist": {
      "version": "1.2.8",
      "resolved": "https://registry.npmjs.org/minimist/-/minimist-1.2.8.tgz",
      "integrity": "sha512-2yyAR8qBkN3YuheJanUpWC5U3bb5osDywNB8RzDVlDwDHbocAJveqqj1u8+SVD7jkWT4yvsHCpWqqWqAxb0zCA==",
      "license": "MIT",
      "funding": {
        "url": "https://github.com/sponsors/ljharb"
      }
    },
    "node_modules/neo-async": {
      "version": "2.6.2",
      "resolved": "https://registry.npmjs.org/neo-async/-/neo-async-2.6.2.tgz",
      "integrity": "sha512-Yd3UES5mWCSqR+qNT93S3UoYUkqAZ9lLg8a7g9rimsWmYGK8cVToA4/sF3RrshdyV3sAGMXVUmpMYOw+dLpOuw==",
      "license": "MIT"
    },
    "node_modules/source-map": {
      "version": "0.6.1",
      "resolved": "https://registry.npmjs.org/source-map/-/source-map-0.6.1.tgz",
      "integrity": "sha512-UjgapumWlbMhkBgzT7Ykc5YXUT46F0iKu8SGXq0bcwP5dz/h0Plj6enJqjz1Zbq2l5WaqYnrVbwWOWMyF3F47g==",
      "license": "BSD-3-Clause",
      "engines": {
        "node": ">=0.10.0"
      }
    },
    "node_modules/uglify-js": {
      "version": "3.19.3",
      "resolved": "https://registry.npmjs.org/uglify-js/-/uglify-js-3.19.3.tgz",
      "integrity": "sha512-v3Xu+yuwBXisp6QYTcH4UbH+xYJXqnq2m/LtQVWKWzYc1iehYnLixoQDN9FH6/j9/oybfd6W9Ghwkl8+UMKTKQ==",
      "license": "BSD-2-Clause",
      "optional": true,
      "bin": {
        "uglifyjs": "bin/uglifyjs"
      },
      "engines": {
        "node": ">=0.8.0"
      }
    },
    "node_modules/untildify": {
      "version": "4.0.0",
      "resolved": "https://registry.npmjs.org/untildify/-/untildify-4.0.0.tgz",
      "integrity": "sha512-KK8xQ1mkzZeg9inewmFVDNkg3l5LUhoq9kN6iWYB/CC9YMG8HA+c1Q8HwDe6dEX7kErrEVNVBO3fWsVq5iDgtw==",
      "license": "MIT",
      "engines": {
        "node": ">=8"
      }
    },
    "node_modules/wordwrap": {
      "version": "1.0.0",
      "resolved": "https://registry.npmjs.org/wordwrap/-/wordwrap-1.0.0.tgz",
      "integrity": "sha512-gvVzJFlPycKc5dZN4yPkP8w7Dc37BtP1yczEneOb4uq34pXZcvrtRTmWV8W+Ume+XCxKgbjM+nevkyFPMybd4Q==",
      "license": "MIT"
    }
  }
}
